lockfileVersion: '6.0'

dependencies:
  luxon:
    specifier: ^3.4.4
    version: registry.npmmirror.com/luxon@3.4.4

packages:

  registry.npmmirror.com/luxon@3.4.4:
    resolution: {integrity: sha512-zobTr7akeGHnv7eBOXcRgMeCP6+uyYsczwmeRCauvpvaAltgNyTbLH/+VaEAPUeWBT+1GuNmz4wC/6jtQzbbVA==, registry: https://registry.npm.taobao.org/, tarball: https://registry.npmmirror.com/luxon/-/luxon-3.4.4.tgz}
    name: luxon
    version: 3.4.4
    engines: {node: '>=12'}
    dev: false
